
Microsoft Visual Studio Solution File, Format Version 12.00
# Visual Studio Version 17
VisualStudioVersion = 17.7.34202.233
MinimumVisualStudioVersion = 10.0.40219.1
Project("{9A19103F-16F7-4668-BE54-9A1E7A4F7556}") = "HotelAPI", "HotelAPI\HotelAPI.csproj", "{AAD9CD0F-C377-48A6-951D-33C9101E3F07}"
EndProject
Project("{FAE04EC0-301F-11D3-BF4B-00C04F79EFBC}") = "HotelWebApp", "HotelWebApp\HotelWebApp.csproj", "{23F445DD-FDBC-4393-BB15-5997DC160D08}"
EndProject
Global
	GlobalSection(SolutionConfigurationPlatforms) = preSolution
		Debug|Any CPU = Debug|Any CPU
		Release|Any CPU = Release|Any CPU
	EndGlobalSection
	GlobalSection(ProjectConfigurationPlatforms) = postSolution
		{AAD9CD0F-C377-48A6-951D-33C9101E3F07}.Debug|Any CPU.ActiveCfg = Debug|Any CPU
		{AAD9CD0F-C377-48A6-951D-33C9101E3F07}.Debug|Any CPU.Build.0 = Debug|Any CPU
		{AAD9CD0F-C377-48A6-951D-33C9101E3F07}.Release|Any CPU.ActiveCfg = Release|Any CPU
		{AAD9CD0F-C377-48A6-951D-33C9101E3F07}.Release|Any CPU.Build.0 = Release|Any CPU
		{23F445DD-FDBC-4393-BB15-5997DC160D08}.Debug|Any CPU.ActiveCfg = Debug|Any CPU
		{23F445DD-FDBC-4393-BB15-5997DC160D08}.Debug|Any CPU.Build.0 = Debug|Any CPU
		{23F445DD-FDBC-4393-BB15-5997DC160D08}.Release|Any CPU.ActiveCfg = Release|Any CPU
		{23F445DD-FDBC-4393-BB15-5997DC160D08}.Release|Any CPU.Build.0 = Release|Any CPU
	EndGlobalSection
	GlobalSection(SolutionProperties) = preSolution
		HideSolutionNode = FALSE
	EndGlobalSection
	GlobalSection(ExtensibilityGlobals) = postSolution
		SolutionGuid = {FA5CD15E-9B12-44E9-9B0E-4447AB37361B}
	EndGlobalSection
EndGlobal
